// !$*UTF8*$!
{
	archiveVersion = 1;
	classes = {
	};
	objectVersion = 55;
	objects = {

/* Begin PBXBuildFile section */
		186005602808902E0072ACB2 /* data.json in Resources */ = {isa = PBXBuildFile; fileRef = 1860055E2808902E0072ACB2 /* data.json */; };
		186005612808902E0072ACB2 /* style.html in Resources */ = {isa = PBXBuildFile; fileRef = 1860055F2808902E0072ACB2 /* style.html */; };
		18600563280891810072ACB2 /* ContentVaraibles.swift in Sources */ = {isa = PBXBuildFile; fileRef = 18600562280891810072ACB2 /* ContentVaraibles.swift */; };
		18B5FA182808B30C0029A71F /* Uirows.swift in Sources */ = {isa = PBXBuildFile; fileRef = 18B5FA172808B30C0029A71F /* Uirows.swift */; };
		18B707652802A03500AD73AB /* video_appApp.swift in Sources */ = {isa = PBXBuildFile; fileRef = 18B707642802A03500AD73AB /* video_appApp.swift */; };
		18B707672802A03500AD73AB /* ContentView.swift in Sources */ = {isa = PBXBuildFile; fileRef = 18B707662802A03500AD73AB /* ContentView.swift */; };
		18B707692802A03A00AD73AB /* Assets.xcassets in Resources */ = {isa = PBXBuildFile; fileRef = 18B707682802A03A00AD73AB /* Assets.xcassets */; };
		18B7076C2802A03A00AD73AB /* Preview Assets.xcassets in Resources */ = {isa = PBXBuildFile; fileRef = 18B7076B2802A03A00AD73AB /* Preview Assets.xcassets */; };
		18B707782802A0E900AD73AB /* contentModel.swift in Sources */ = {isa = PBXBuildFile; fileRef = 18B707772802A0E900AD73AB /* contentModel.swift */; };
/* End PBXBuildFile section */

/* Begin PBXFileReference section */
		1860055E2808902E0072ACB2 /* data.json */ = {isa = PBXFileReference; fileEncoding = 4; lastKnownFileType = text.json; path = data.json; sourceTree = "<group>"; };
		1860055F2808902E0072ACB2 /* style.html */ = {isa = PBXFileReference; fileEncoding = 4; lastKnownFileType = text.html; path = style.html; sourceTree = "<group>"; };
		18600562280891810072ACB2 /* ContentVaraibles.swift */ = {isa = PBXFileReference; lastKnownFileType = sourcecode.swift; path = ContentVaraibles.swift; sourceTree = "<group>"; };
		18B5FA172808B30C0029A71F /* Uirows.swift */ = {isa = PBXFileReference; lastKnownFileType = sourcecode.swift; path = Uirows.swift; sourceTree = "<group>"; };
		18B707612802A03500AD73AB /* video_app.app */ = {isa = PBXFileReference; explicitFileType = wrapper.application; includeInIndex = 0; path = video_app.app; sourceTree = BUILT_PRODUCTS_DIR; };
		18B707642802A03500AD73AB /* video_appApp.swift */ = {isa = PBXFileReference; lastKnownFileType = sourcecode.swift; path = video_appApp.swift; sourceTree = "<group>"; };
		18B707662802A03500AD73AB /* ContentView.swift */ = {isa = PBXFileReference; lastKnownFileType = sourcecode.swift; path = ContentView.swift; sourceTree = "<group>"; };
		18B707682802A03A00AD73AB /* Assets.xcassets */ = {isa = PBXFileReference; lastKnownFileType = folder.assetcatalog; path = Assets.xcassets; sourceTree = "<group>"; };
		18B7076B2802A03A00AD73AB /* Preview Assets.xcassets */ = {isa = PBXFileReference; lastKnownFileType = folder.assetcatalog; path = "Preview Assets.xcassets"; sourceTree = "<group>"; };
		18B707772802A0E900AD73AB /* contentModel.swift */ = {isa = PBXFileReference; lastKnownFileType = sourcecode.swift; path = contentModel.swift; sourceTree = "<group>"; };
/* End PBXFileReference section */

/* Begin PBXFrameworksBuildPhase section */
		18B7075E2802A03500AD73AB /* Frameworks */ = {
			isa = PBXFrameworksBuildPhase;
			buildActionMask = 2147483647;
			files = (
			);
			runOnlyForDeploymentPostprocessing = 0;
		};
/* End PBXFrameworksBuildPhase section */

/* Begin PBXGroup section */
		18B707582802A03500AD73AB = {
			isa = PBXGroup;
			children = (
				18B707632802A03500AD73AB /* video_app */,
				18B707762802A09600AD73AB /* Helpers */,
				18B707752802A08B00AD73AB /* Resource */,
				18B707622802A03500AD73AB /* Products */,
			);
			sourceTree = "<group>";
		};
		18B707622802A03500AD73AB /* Products */ = {
			isa = PBXGroup;
			children = (
				18B707612802A03500AD73AB /* video_app.app */,
			);
			name = Products;
			sourceTree = "<group>";
		};
		18B707632802A03500AD73AB /* video_app */ = {
			isa = PBXGroup;
			children = (
				18B707642802A03500AD73AB /* video_appApp.swift */,
				18B707742802A07A00AD73AB /* model */,
				18B707732802A07100AD73AB /* ViewModel */,
				18B707722802A06600AD73AB /* view */,
				18B707682802A03A00AD73AB /* Assets.xcassets */,
				18B7076A2802A03A00AD73AB /* Preview Content */,
			);
			path = video_app;
			sourceTree = "<group>";
		};
		18B7076A2802A03A00AD73AB /* Preview Content */ = {
			isa = PBXGroup;
			children = (
				18B7076B2802A03A00AD73AB /* Preview Assets.xcassets */,
			);
			path = "Preview Content";
			sourceTree = "<group>";
		};
		18B707722802A06600AD73AB /* view */ = {
			isa = PBXGroup;
			children = (
				18B707662802A03500AD73AB /* ContentView.swift */,
			);
			path = view;
			sourceTree = "<group>";
		};
		18B707732802A07100AD73AB /* ViewModel */ = {
			isa = PBXGroup;
			children = (
				18B707772802A0E900AD73AB /* contentModel.swift */,
				18B5FA172808B30C0029A71F /* Uirows.swift */,
			);
			path = ViewModel;
			sourceTree = "<group>";
		};
		18B707742802A07A00AD73AB /* model */ = {
			isa = PBXGroup;
			children = (
				18600562280891810072ACB2 /* ContentVaraibles.swift */,
			);
			path = model;
			sourceTree = "<group>";
		};
		18B707752802A08B00AD73AB /* Resource */ = {
			isa = PBXGroup;
			children = (
				1860055E2808902E0072ACB2 /* data.json */,
				1860055F2808902E0072ACB2 /* style.html */,
			);
			path = Resource;
			sourceTree = "<group>";
		};
		18B707762802A09600AD73AB /* Helpers */ = {
			isa = PBXGroup;
			children = (
			);
			path = Helpers;
			sourceTree = "<group>";
		};
/* End PBXGroup section */

/* Begin PBXNativeTarget section */
		18B707602802A03500AD73AB /* video_app */ = {
			isa = PBXNativeTarget;
			buildConfigurationList = 18B7076F2802A03A00AD73AB /* Build configuration list for PBXNativeTarget "video_app" */;
			buildPhases = (
				18B7075D2802A03500AD73AB /* Sources */,
				18B7075E2802A03500AD73AB /* Frameworks */,
				18B7075F2802A03500AD73AB /* Resources */,
			);
			buildRules = (
			);
			dependencies = (
			);
			name = video_app;
			productName = video_app;
			productReference = 18B707612802A03500AD73AB /* video_app.app */;
			productType = "com.apple.product-type.application";
		};
/* End PBXNativeTarget section */

/* Begin PBXProject section */
		18B707592802A03500AD73AB /* Project object */ = {
			isa = PBXProject;
			attributes = {
				BuildIndependentTargetsInParallel = 1;
				LastSwiftUpdateCheck = 1330;
				LastUpgradeCheck = 1330;
				TargetAttributes = {
					18B707602802A03500AD73AB = {
						CreatedOnToolsVersion = 13.3;
					};
				};
			};
			buildConfigurationList = 18B7075C2802A03500AD73AB /* Build configuration list for PBXProject "video_app" */;
			compatibilityVersion = "Xcode 13.0";
			developmentRegion = en;
			hasScannedForEncodings = 0;
			knownRegions = (
				en,
				Base,
			);
			mainGroup = 18B707582802A03500AD73AB;
			productRefGroup = 18B707622802A03500AD73AB /* Products */;
			projectDirPath = "";
			projectRoot = "";
			targets = (
				18B707602802A03500AD73AB /* video_app */,
			);
		};
/* End PBXProject section */

/* Begin PBXResourcesBuildPhase section */
		18B7075F2802A03500AD73AB /* Resources */ = {
			isa = PBXResourcesBuildPhase;
			buildActionMask = 2147483647;
			files = (
				18B7076C2802A03A00AD73AB /* Preview Assets.xcassets in Resources */,
				186005602808902E0072ACB2 /* data.json in Resources */,
				186005612808902E0072ACB2 /* style.html in Resources */,
				18B707692802A03A00AD73AB /* Assets.xcassets in Resources */,
			);
			runOnlyForDeploymentPostprocessing = 0;
		};
/* End PBXResourcesBuildPhase section */

/* Begin PBXSourcesBuildPhase section */
		18B7075D2802A03500AD73AB /* Sources */ = {
			isa = PBXSourcesBuildPhase;
			buildActionMask = 2147483647;
			files = (
				18B707672802A03500AD73AB /* ContentView.swift in Sources */,
				18B5FA182808B30C0029A71F /* Uirows.swift in Sources */,
				18B707782802A0E900AD73AB /* contentModel.swift in Sources */,
				18B707652802A03500AD73AB /* video_appApp.swift in Sources */,
				18600563280891810072ACB2 /* ContentVaraibles.swift in Sources */,
			);
			runOnlyForDeploymentPostprocessing = 0;
		};
/* End PBXSourcesBuildPhase section */

/* Begin XCBuildConfiguration section */
		18B7076D2802A03A00AD73AB /* Debug */ = {
			isa = XCBuildConfiguration;
			buildSettings = {
				ALWAYS_SEARCH_USER_PATHS = NO;
				CLANG_ANALYZER_NONNULL = YES;
				CLANG_ANALYZER_NUMBER_OBJECT_CONVERSION = YES_AGGRESSIVE;
				CLANG_CXX_LANGUAGE_STANDARD = "gnu++17";
				CLANG_ENABLE_MODULES = YES;
				CLANG_ENABLE_OBJC_ARC = YES;
				CLANG_ENABLE_OBJC_WEAK = YES;
				CLANG_WARN_BLOCK_CAPTURE_AUTORELEASING = YES;
				CLANG_WARN_BOOL_CONVERSION = YES;
				CLANG_WARN_COMMA = YES;
				CLANG_WARN_CONSTANT_CONVERSION = YES;
				CLANG_WARN_DEPRECATED_OBJC_IMPLEMENTATIONS = YES;
				CLANG_WARN_DIRECT_OBJC_ISA_USAGE = YES_ERROR;
				CLANG_WARN_DOCUMENTATION_COMMENTS = YES;
				CLANG_WARN_EMPTY_BODY = YES;
				CLANG_WARN_ENUM_CONVERSION = YES;
				CLANG_WARN_INFINITE_RECURSION = YES;
				CLANG_WARN_INT_CONVERSION = YES;
				CLANG_WARN_NON_LITERAL_NULL_CONVERSION = YES;
				CLANG_WARN_OBJC_IMPLICIT_RETAIN_SELF = YES;
				CLANG_WARN_OBJC_LITERAL_CONVERSION = YES;
				CLANG_WARN_OBJC_ROOT_CLASS = YES_ERROR;
				CLANG_WARN_QUOTED_INCLUDE_IN_FRAMEWORK_HEADER = YES;
				CLANG_WARN_RANGE_LOOP_ANALYSIS = YES;
				CLANG_WARN_STRICT_PROTOTYPES = YES;
				CLANG_WARN_SUSPICIOUS_MOVE = YES;
				CLANG_WARN_UNGUARDED_AVAILABILITY = YES_AGGRESSIVE;
				CLANG_WARN_UNREACHABLE_CODE = YES;
				CLANG_WARN__DUPLICATE_METHOD_MATCH = YES;
				COPY_PHASE_STRIP = NO;
				DEBUG_INFORMATION_FORMAT = dwarf;
				ENABLE_STRICT_OBJC_MSGSEND = YES;
				ENABLE_TESTABILITY = YES;
				GCC_C_LANGUAGE_STANDARD = gnu11;
				GCC_DYNAMIC_NO_PIC = NO;
				GCC_NO_COMMON_BLOCKS = YES;
				GCC_OPTIMIZATION_LEVEL = 0;
				GCC_PREPROCESSOR_DEFINITIONS = (
					"DEBUG=1",
					"$(inherited)",
				);
				GCC_WARN_64_TO_32_BIT_CONVERSION = YES;
				GCC_WARN_ABOUT_RETURN_TYPE = YES_ERROR;
				GCC_WARN_UNDECLARED_SELECTOR = YES;
				GCC_WARN_UNINITIALIZED_AUTOS = YES_AGGRESSIVE;
				GCC_WARN_UNUSED_FUNCTION = YES;
				GCC_WARN_UNUSED_VARIABLE = YES;
				IPHONEOS_DEPLOYMENT_TARGET = 15.4;
				MTL_ENABLE_DEBUG_INFO = INCLUDE_SOURCE;
				MTL_FAST_MATH = YES;
				ONLY_ACTIVE_ARCH = YES;
				SDKROOT = iphoneos;
				SWIFT_ACTIVE_COMPILATION_CONDITIONS = DEBUG;
				SWIFT_OPTIMIZATION_LEVEL = "-Onone";
			};
			name = Debug;
		};
		18B7076E2802A03A00AD73AB /* Release */ = {
			isa = XCBuildConfiguration;
			buildSettings = {
				ALWAYS_SEARCH_USER_PATHS = NO;
				CLANG_ANALYZER_NONNULL = YES;
				CLANG_ANALYZER_NUMBER_OBJECT_CONVERSION = YES_AGGRESSIVE;
				CLANG_CXX_LANGUAGE_STANDARD = "gnu++17";
				CLANG_ENABLE_MODULES = YES;
				CLANG_ENABLE_OBJC_ARC = YES;
				CLANG_ENABLE_OBJC_WEAK = YES;
				CLANG_WARN_BLOCK_CAPTURE_AUTORELEASING = YES;
				CLANG_WARN_BOOL_CONVERSION = YES;
				CLANG_WARN_COMMA = YES;
				CLANG_WARN_CONSTANT_CONVERSION = YES;
				CLANG_WARN_DEPRECATED_OBJC_IMPLEMENTATIONS = YES;
				CLANG_WARN_DIRECT_OBJC_ISA_USAGE = YES_ERROR;
				CLANG_WARN_DOCUMENTATION_COMMENTS = YES;
				CLANG_WARN_EMPTY_BODY = YES;
				CLANG_WARN_ENUM_CONVERSION = YES;
				CLANG_WARN_INFINITE_RECURSION = YES;
				CLANG_WARN_INT_CONVERSION = YES;
				CLANG_WARN_NON_LITERAL_NULL_CONVERSION = YES;
				CLANG_WARN_OBJC_IMPLICIT_RETAIN_SELF = YES;
				CLANG_WARN_OBJC_LITERAL_CONVERSION = YES;
				CLANG_WARN_OBJC_ROOT_CLASS = YES_ERROR;
				CLANG_WARN_QUOTED_INCLUDE_IN_FRAMEWORK_HEADER = YES;
				CLANG_WARN_RANGE_LOOP_ANALYSIS = YES;
				CLANG_WARN_STRICT_PROTOTYPES = YES;
				CLANG_WARN_SUSPICIOUS_MOVE = YES;
				CLANG_WARN_UNGUARDED_AVAILABILITY = YES_AGGRESSIVE;
				CLANG_WARN_UNREACHABLE_CODE = YES;
				CLANG_WARN__DUPLICATE_METHOD_MATCH = YES;
				COPY_PHASE_STRIP = NO;
				DEBUG_INFORMATION_FORMAT = "dwarf-with-dsym";
				ENABLE_NS_ASSERTIONS = NO;
				ENABLE_STRICT_OBJC_MSGSEND = YES;
				GCC_C_LANGUAGE_STANDARD = gnu11;
				GCC_NO_COMMON_BLOCKS = YES;
				GCC_WARN_64_TO_32_BIT_CONVERSION = YES;
				GCC_WARN_ABOUT_RETURN_TYPE = YES_ERROR;
				GCC_WARN_UNDECLARED_SELECTOR = YES;
				GCC_WARN_UNINITIALIZED_AUTOS = YES_AGGRESSIVE;
				GCC_WARN_UNUSED_FUNCTION = YES;
				GCC_WARN_UNUSED_VARIABLE = YES;
				IPHONEOS_DEPLOYMENT_TARGET = 15.4;
				MTL_ENABLE_DEBUG_INFO = NO;
				MTL_FAST_MATH = YES;
				SDKROOT = iphoneos;
				SWIFT_COMPILATION_MODE = wholemodule;
				SWIFT_OPTIMIZATION_LEVEL = "-O";
				VALIDATE_PRODUCT = YES;
			};
			name = Release;
		};
		18B707702802A03A00AD73AB /* Debug */ = {
			isa = XCBuildConfiguration;
			buildSettings = {
				ASSETCATALOG_COMPILER_APPICON_NAME = AppIcon;
				ASSETCATALOG_COMPILER_GLOBAL_ACCENT_COLOR_NAME = AccentColor;
				CODE_SIGN_STYLE = Automatic;
				CURRENT_PROJECT_VERSION = 1;
				DEVELOPMENT_ASSET_PATHS = "\"video_app/Preview Content\"";
				DEVELOPMENT_TEAM = 6VJRD45224;
				ENABLE_PREVIEWS = YES;
				GENERATE_INFOPLIST_FILE = YES;
				INFOPLIST_KEY_UIApplicationSceneManifest_Generation = YES;
				INFOPLIST_KEY_UIApplicationSupportsIndirectInputEvents = YES;
				INFOPLIST_KEY_UILaunchScreen_Generation = YES;
				INFOPLIST_KEY_UISupportedInterfaceOrientations_iPad = "UIInterfaceOrientationPortrait UIInterfaceOrientationPortraitUpsideDown UIInterfaceOrientationLandscapeLeft UIInterfaceOrientationLandscapeRight";
				INFOPLIST_KEY_UISupportedInterfaceOrientations_iPhone = "UIInterfaceOrientationPortrait UIInterfaceOrientationLandscapeLeft UIInterfaceOrientationLandscapeRight";
				LD_RUNPATH_SEARCH_PATHS = (
					"$(inherited)",
					"@executable_path/Frameworks",
				);
				MARKETING_VERSION = 1.0;
				PRODUCT_BUNDLE_IDENTIFIER = "com.sukumar.video-app";
				PRODUCT_NAME = "$(TARGET_NAME)";
				SWIFT_EMIT_LOC_STRINGS = YES;
				SWIFT_VERSION = 5.0;
				TARGETED_DEVICE_FAMILY = "1,2";
			};
			name = Debug;
		};
		18B707712802A03A00AD73AB /* Release */ = {
			isa = XCBuildConfiguration;
			buildSettings = {
				ASSETCATALOG_COMPILER_APPICON_NAME = AppIcon;
				ASSETCATALOG_COMPILER_GLOBAL_ACCENT_COLOR_NAME = AccentColor;
				CODE_SIGN_STYLE = Automatic;
				CURRENT_PROJECT_VERSION = 1;
				DEVELOPMENT_ASSET_PATHS = "\"video_app/Preview Content\"";
				DEVELOPMENT_TEAM = 6VJRD45224;
				ENABLE_PREVIEWS = YES;
				GENERATE_INFOPLIST_FILE = YES;
				INFOPLIST_KEY_UIApplicationSceneManifest_Generation = YES;
				INFOPLIST_KEY_UIApplicationSupportsIndirectInputEvents = YES;
				INFOPLIST_KEY_UILaunchScreen_Generation = YES;
				INFOPLIST_KEY_UISupportedInterfaceOrientations_iPad = "UIInterfaceOrientationPortrait UIInterfaceOrientationPortraitUpsideDown UIInterfaceOrientationLandscapeLeft UIInterfaceOrientationLandscapeRight";
				INFOPLIST_KEY_UISupportedInterfaceOrientations_iPhone = "UIInterfaceOrientationPortrait UIInterfaceOrientationLandscapeLeft UIInterfaceOrientationLandscapeRight";
				LD_RUNPATH_SEARCH_PATHS = (
					"$(inherited)",
					"@executable_path/Frameworks",
				);
				MARKETING_VERSION = 1.0;
				PRODUCT_BUNDLE_IDENTIFIER = "com.sukumar.video-app";
				PRODUCT_NAME = "$(TARGET_NAME)";
				SWIFT_EMIT_LOC_STRINGS = YES;
				SWIFT_VERSION = 5.0;
				TARGETED_DEVICE_FAMILY = "1,2";
			};
			name = Release;
		};
/* End XCBuildConfiguration section */

/* Begin XCConfigurationList section */
		18B7075C2802A03500AD73AB /* Build configuration list for PBXProject "video_app" */ = {
			isa = XCConfigurationList;
			buildConfigurations = (
				18B7076D2802A03A00AD73AB /* Debug */,
				18B7076E2802A03A00AD73AB /* Release */,
			);
			defaultConfigurationIsVisible = 0;
			defaultConfigurationName = Release;
		};
		18B7076F2802A03A00AD73AB /* Build configuration list for PBXNativeTarget "video_app" */ = {
			isa = XCConfigurationList;
			buildConfigurations = (
				18B707702802A03A00AD73AB /* Debug */,
				18B707712802A03A00AD73AB /* Release */,
			);
			defaultConfigurationIsVisible = 0;
			defaultConfigurationName = Release;
		};
/* End XCConfigurationList section */
	};
	rootObject = 18B707592802A03500AD73AB /* Project object */;
}
